
Microsoft Visual Studio Solution File, Format Version 12.00
# Visual Studio Version 17
VisualStudioVersion = 17.5.33502.453
MinimumVisualStudioVersion = 10.0.40219.1
Project("{9A19103F-16F7-4668-BE54-9A1E7A4F7556}") = "A1PL3Y_HFT2023241.Client", "A1PL3Y_HFT2023241.Client\A1PL3Y_HFT2023241.Client.csproj", "{CFFB003F-23DE-4F2E-BA93-95986F313696}"
EndProject
Project("{9A19103F-16F7-4668-BE54-9A1E7A4F7556}") = "A1PL3Y_HFT2023241.Models", "A1PL3Y_HFT2023241.Models\A1PL3Y_HFT2023241.Models.csproj", "{0987BA44-8DBD-4149-AFEC-3D8AA8F808B7}"
EndProject
Project("{9A19103F-16F7-4668-BE54-9A1E7A4F7556}") = "A1PL3Y_HFT2023241.Logic", "A1PL3Y_HFT2023241.Logic\A1PL3Y_HFT2023241.Logic.csproj", "{2FDBB6DB-0CB1-4A6C-9235-44FC553CC63C}"
EndProject
Project("{9A19103F-16F7-4668-BE54-9A1E7A4F7556}") = "A1PL3Y_HFT2023241.Repository", "A1PL3Y_HFT2023241.Repository\A1PL3Y_HFT2023241.Repository.csproj", "{0EC44216-A3C9-4552-97DC-04888546833D}"
EndProject
Project("{9A19103F-16F7-4668-BE54-9A1E7A4F7556}") = "A1PL3Y_HFT2023241.Endpoint", "A1PL3Y_HFT2023241.Endpoint\A1PL3Y_HFT2023241.Endpoint.csproj", "{6DEF8369-6B33-4027-AF12-58B2007A6ECF}"
EndProject
Project("{9A19103F-16F7-4668-BE54-9A1E7A4F7556}") = "A1PL3Y_HFT2023241.Test", "A1PL3Y_HFT2023241.Test\A1PL3Y_HFT2023241.Test.csproj", "{F36E9236-10A1-4B4F-A53B-7AEF40295180}"
EndProject
Project("{2150E333-8FDC-42A3-9474-1A3956D46DE8}") = "Backend", "Backend", "{FB9F9B78-988F-419D-A650-8E8FB110A0CC}"
EndProject
Project("{2150E333-8FDC-42A3-9474-1A3956D46DE8}") = "Frontend", "Frontend", "{574D9211-5084-47A6-ACF5-BF895E5024B8}"
EndProject
Project("{2150E333-8FDC-42A3-9474-1A3956D46DE8}") = "Shared", "Shared", "{0F12D79A-FFDC-4BE6-B437-0D7227ADA2EE}"
EndProject
Project("{2150E333-8FDC-42A3-9474-1A3956D46DE8}") = "Others", "Others", "{AF56B6D7-7F41-49EB-BD4B-30944038F670}"
	ProjectSection(SolutionItems) = preProject
		.gitignore = .gitignore
	EndProjectSection
EndProject
Global
	GlobalSection(SolutionConfigurationPlatforms) = preSolution
		Debug|Any CPU = Debug|Any CPU
		Release|Any CPU = Release|Any CPU
	EndGlobalSection
	GlobalSection(ProjectConfigurationPlatforms) = postSolution
		{CFFB003F-23DE-4F2E-BA93-95986F313696}.Debug|Any CPU.ActiveCfg = Debug|Any CPU
		{CFFB003F-23DE-4F2E-BA93-95986F313696}.Debug|Any CPU.Build.0 = Debug|Any CPU
		{CFFB003F-23DE-4F2E-BA93-95986F313696}.Release|Any CPU.ActiveCfg = Release|Any CPU
		{CFFB003F-23DE-4F2E-BA93-95986F313696}.Release|Any CPU.Build.0 = Release|Any CPU
		{0987BA44-8DBD-4149-AFEC-3D8AA8F808B7}.Debug|Any CPU.ActiveCfg = Debug|Any CPU
		{0987BA44-8DBD-4149-AFEC-3D8AA8F808B7}.Debug|Any CPU.Build.0 = Debug|Any CPU
		{0987BA44-8DBD-4149-AFEC-3D8AA8F808B7}.Release|Any CPU.ActiveCfg = Release|Any CPU
		{0987BA44-8DBD-4149-AFEC-3D8AA8F808B7}.Release|Any CPU.Build.0 = Release|Any CPU
		{2FDBB6DB-0CB1-4A6C-9235-44FC553CC63C}.Debug|Any CPU.ActiveCfg = Debug|Any CPU
		{2FDBB6DB-0CB1-4A6C-9235-44FC553CC63C}.Debug|Any CPU.Build.0 = Debug|Any CPU
		{2FDBB6DB-0CB1-4A6C-9235-44FC553CC63C}.Release|Any CPU.ActiveCfg = Release|Any CPU
		{2FDBB6DB-0CB1-4A6C-9235-44FC553CC63C}.Release|Any CPU.Build.0 = Release|Any CPU
		{0EC44216-A3C9-4552-97DC-04888546833D}.Debug|Any CPU.ActiveCfg = Debug|Any CPU
		{0EC44216-A3C9-4552-97DC-04888546833D}.Debug|Any CPU.Build.0 = Debug|Any CPU
		{0EC44216-A3C9-4552-97DC-04888546833D}.Release|Any CPU.ActiveCfg = Release|Any CPU
		{0EC44216-A3C9-4552-97DC-04888546833D}.Release|Any CPU.Build.0 = Release|Any CPU
		{6DEF8369-6B33-4027-AF12-58B2007A6ECF}.Debug|Any CPU.ActiveCfg = Debug|Any CPU
		{6DEF8369-6B33-4027-AF12-58B2007A6ECF}.Debug|Any CPU.Build.0 = Debug|Any CPU
		{6DEF8369-6B33-4027-AF12-58B2007A6ECF}.Release|Any CPU.ActiveCfg = Release|Any CPU
		{6DEF8369-6B33-4027-AF12-58B2007A6ECF}.Release|Any CPU.Build.0 = Release|Any CPU
		{F36E9236-10A1-4B4F-A53B-7AEF40295180}.Debug|Any CPU.ActiveCfg = Debug|Any CPU
		{F36E9236-10A1-4B4F-A53B-7AEF40295180}.Debug|Any CPU.Build.0 = Debug|Any CPU
		{F36E9236-10A1-4B4F-A53B-7AEF40295180}.Release|Any CPU.ActiveCfg = Release|Any CPU
		{F36E9236-10A1-4B4F-A53B-7AEF40295180}.Release|Any CPU.Build.0 = Release|Any CPU
	EndGlobalSection
	GlobalSection(SolutionProperties) = preSolution
		HideSolutionNode = FALSE
	EndGlobalSection
	GlobalSection(NestedProjects) = preSolution
		{CFFB003F-23DE-4F2E-BA93-95986F313696} = {574D9211-5084-47A6-ACF5-BF895E5024B8}
		{0987BA44-8DBD-4149-AFEC-3D8AA8F808B7} = {0F12D79A-FFDC-4BE6-B437-0D7227ADA2EE}
		{2FDBB6DB-0CB1-4A6C-9235-44FC553CC63C} = {FB9F9B78-988F-419D-A650-8E8FB110A0CC}
		{0EC44216-A3C9-4552-97DC-04888546833D} = {FB9F9B78-988F-419D-A650-8E8FB110A0CC}
		{6DEF8369-6B33-4027-AF12-58B2007A6ECF} = {FB9F9B78-988F-419D-A650-8E8FB110A0CC}
		{F36E9236-10A1-4B4F-A53B-7AEF40295180} = {FB9F9B78-988F-419D-A650-8E8FB110A0CC}
	EndGlobalSection
	GlobalSection(ExtensibilityGlobals) = postSolution
		SolutionGuid = {90F90307-6025-49C5-A809-C2CF8E89C162}
	EndGlobalSection
EndGlobal
